
Microsoft Visual Studio Solution File, Format Version 12.00
# Visual Studio Version 17
VisualStudioVersion = 17.0.31903.59
MinimumVisualStudioVersion = 10.0.40219.1
Project("{2150E333-8FDC-42A3-9474-1A3956D46DE8}") = "src", "src", "{4A5FB8D7-EAA0-4717-84E4-B986FD3EF1EF}"
EndProject
Project("{9A19103F-16F7-4668-BE54-9A1E7A4F7556}") = "InvestmentPortal.EventBus", "src\InvestmentPortal.EventBus\InvestmentPortal.EventBus.csproj", "{24A4B0FE-B06E-474A-B75C-E7F86FF81F9C}"
EndProject
Project("{9A19103F-16F7-4668-BE54-9A1E7A4F7556}") = "InvestmentPortal.API", "src\InvestmentPortal.API\InvestmentPortal.API.csproj", "{7878D2C3-BB40-4B5B-9C7C-1B7A0F127E40}"
EndProject
Project("{9A19103F-16F7-4668-BE54-9A1E7A4F7556}") = "InvestmentPortal.Order.API", "src\InvestmentPortal.Order.API\InvestmentPortal.Order.API.csproj", "{6A71ACD4-5575-4B70-9D11-4CC2EB7A9E57}"
EndProject
Project("{2150E333-8FDC-42A3-9474-1A3956D46DE8}") = "tests", "tests", "{12A8AD1D-B15C-4847-B522-9FE9589D9F2B}"
EndProject
Project("{9A19103F-16F7-4668-BE54-9A1E7A4F7556}") = "InvestMentPortal.Application.Tests", "tests\InvestMentPortal.Application.Tests\InvestMentPortal.Application.Tests.csproj", "{3B216CF2-0252-486B-8679-04FE889E7A05}"
EndProject
Project("{9A19103F-16F7-4668-BE54-9A1E7A4F7556}") = "InvestmentPortal.Core.Domain", "src\InvestmentPortal.Core.Domain\InvestmentPortal.Core.Domain.csproj", "{BA4228AE-5A2E-4670-AA64-74AE76721FED}"
EndProject
Project("{9A19103F-16F7-4668-BE54-9A1E7A4F7556}") = "InvestmentPortal.Infra.SqlServer", "src\InvestmentPortal.Infra.Data\InvestmentPortal.Infra.SqlServer.csproj", "{0B662E10-E012-49FE-9D0D-E297D90C1CA9}"
EndProject
Global
	GlobalSection(SolutionConfigurationPlatforms) = preSolution
		Debug|Any CPU = Debug|Any CPU
		Release|Any CPU = Release|Any CPU
	EndGlobalSection
	GlobalSection(ProjectConfigurationPlatforms) = postSolution
		{24A4B0FE-B06E-474A-B75C-E7F86FF81F9C}.Debug|Any CPU.ActiveCfg = Debug|Any CPU
		{24A4B0FE-B06E-474A-B75C-E7F86FF81F9C}.Debug|Any CPU.Build.0 = Debug|Any CPU
		{24A4B0FE-B06E-474A-B75C-E7F86FF81F9C}.Release|Any CPU.ActiveCfg = Release|Any CPU
		{24A4B0FE-B06E-474A-B75C-E7F86FF81F9C}.Release|Any CPU.Build.0 = Release|Any CPU
		{7878D2C3-BB40-4B5B-9C7C-1B7A0F127E40}.Debug|Any CPU.ActiveCfg = Debug|Any CPU
		{7878D2C3-BB40-4B5B-9C7C-1B7A0F127E40}.Debug|Any CPU.Build.0 = Debug|Any CPU
		{7878D2C3-BB40-4B5B-9C7C-1B7A0F127E40}.Release|Any CPU.ActiveCfg = Release|Any CPU
		{7878D2C3-BB40-4B5B-9C7C-1B7A0F127E40}.Release|Any CPU.Build.0 = Release|Any CPU
		{6A71ACD4-5575-4B70-9D11-4CC2EB7A9E57}.Debug|Any CPU.ActiveCfg = Debug|Any CPU
		{6A71ACD4-5575-4B70-9D11-4CC2EB7A9E57}.Debug|Any CPU.Build.0 = Debug|Any CPU
		{6A71ACD4-5575-4B70-9D11-4CC2EB7A9E57}.Release|Any CPU.ActiveCfg = Release|Any CPU
		{6A71ACD4-5575-4B70-9D11-4CC2EB7A9E57}.Release|Any CPU.Build.0 = Release|Any CPU
		{3B216CF2-0252-486B-8679-04FE889E7A05}.Debug|Any CPU.ActiveCfg = Debug|Any CPU
		{3B216CF2-0252-486B-8679-04FE889E7A05}.Debug|Any CPU.Build.0 = Debug|Any CPU
		{3B216CF2-0252-486B-8679-04FE889E7A05}.Release|Any CPU.ActiveCfg = Release|Any CPU
		{3B216CF2-0252-486B-8679-04FE889E7A05}.Release|Any CPU.Build.0 = Release|Any CPU
		{BA4228AE-5A2E-4670-AA64-74AE76721FED}.Debug|Any CPU.ActiveCfg = Debug|Any CPU
		{BA4228AE-5A2E-4670-AA64-74AE76721FED}.Debug|Any CPU.Build.0 = Debug|Any CPU
		{BA4228AE-5A2E-4670-AA64-74AE76721FED}.Release|Any CPU.ActiveCfg = Release|Any CPU
		{BA4228AE-5A2E-4670-AA64-74AE76721FED}.Release|Any CPU.Build.0 = Release|Any CPU
		{0B662E10-E012-49FE-9D0D-E297D90C1CA9}.Debug|Any CPU.ActiveCfg = Debug|Any CPU
		{0B662E10-E012-49FE-9D0D-E297D90C1CA9}.Debug|Any CPU.Build.0 = Debug|Any CPU
		{0B662E10-E012-49FE-9D0D-E297D90C1CA9}.Release|Any CPU.ActiveCfg = Release|Any CPU
		{0B662E10-E012-49FE-9D0D-E297D90C1CA9}.Release|Any CPU.Build.0 = Release|Any CPU
	EndGlobalSection
	GlobalSection(SolutionProperties) = preSolution
		HideSolutionNode = FALSE
	EndGlobalSection
	GlobalSection(NestedProjects) = preSolution
		{24A4B0FE-B06E-474A-B75C-E7F86FF81F9C} = {4A5FB8D7-EAA0-4717-84E4-B986FD3EF1EF}
		{7878D2C3-BB40-4B5B-9C7C-1B7A0F127E40} = {4A5FB8D7-EAA0-4717-84E4-B986FD3EF1EF}
		{6A71ACD4-5575-4B70-9D11-4CC2EB7A9E57} = {4A5FB8D7-EAA0-4717-84E4-B986FD3EF1EF}
		{3B216CF2-0252-486B-8679-04FE889E7A05} = {12A8AD1D-B15C-4847-B522-9FE9589D9F2B}
		{BA4228AE-5A2E-4670-AA64-74AE76721FED} = {4A5FB8D7-EAA0-4717-84E4-B986FD3EF1EF}
		{0B662E10-E012-49FE-9D0D-E297D90C1CA9} = {4A5FB8D7-EAA0-4717-84E4-B986FD3EF1EF}
	EndGlobalSection
	GlobalSection(ExtensibilityGlobals) = postSolution
		SolutionGuid = {07B728C3-B3B3-4235-ADB5-ED068ADD5C7D}
	EndGlobalSection
EndGlobal
